
Microsoft Visual Studio Solution File, Format Version 12.00
# Visual Studio Version 16
VisualStudioVersion = 16.0.29509.3
MinimumVisualStudioVersion = 10.0.40219.1
Project("{FAE04EC0-301F-11D3-BF4B-00C04F79EFBC}") = "GoogleFormsToolkitLibrary", "GoogleFormsToolkitLibrary\GoogleFormsToolkitLibrary.csproj", "{C6AF0880-0D89-45CD-B6CF-30DBE068DD73}"
EndProject
Project("{FAE04EC0-301F-11D3-BF4B-00C04F79EFBC}") = "GoogleFormsToolkitLibrary.Tests", "Tests\GoogleFormsToolkitLibrary.Tests\GoogleFormsToolkitLibrary.Tests.csproj", "{E6C5F50F-4300-4986-9F0E-B1842BD64DA4}"
EndProject
Project("{2150E333-8FDC-42A3-9474-1A3956D46DE8}") = "Tests", "Tests", "{D3B75DF3-8B8E-46FD-8E14-EB7556D768A2}"
EndProject
Global
	GlobalSection(SolutionConfigurationPlatforms) = preSolution
		Debug|Any CPU = Debug|Any CPU
		Release|Any CPU = Release|Any CPU
	EndGlobalSection
	GlobalSection(ProjectConfigurationPlatforms) = postSolution
		{C6AF0880-0D89-45CD-B6CF-30DBE068DD73}.Debug|Any CPU.ActiveCfg = Debug|Any CPU
		{C6AF0880-0D89-45CD-B6CF-30DBE068DD73}.Debug|Any CPU.Build.0 = Debug|Any CPU
		{C6AF0880-0D89-45CD-B6CF-30DBE068DD73}.Release|Any CPU.ActiveCfg = Release|Any CPU
		{C6AF0880-0D89-45CD-B6CF-30DBE068DD73}.Release|Any CPU.Build.0 = Release|Any CPU
		{E6C5F50F-4300-4986-9F0E-B1842BD64DA4}.Debug|Any CPU.ActiveCfg = Debug|Any CPU
		{E6C5F50F-4300-4986-9F0E-B1842BD64DA4}.Debug|Any CPU.Build.0 = Debug|Any CPU
		{E6C5F50F-4300-4986-9F0E-B1842BD64DA4}.Release|Any CPU.ActiveCfg = Release|Any CPU
		{E6C5F50F-4300-4986-9F0E-B1842BD64DA4}.Release|Any CPU.Build.0 = Release|Any CPU
	EndGlobalSection
	GlobalSection(SolutionProperties) = preSolution
		HideSolutionNode = FALSE
	EndGlobalSection
	GlobalSection(NestedProjects) = preSolution
		{E6C5F50F-4300-4986-9F0E-B1842BD64DA4} = {D3B75DF3-8B8E-46FD-8E14-EB7556D768A2}
	EndGlobalSection
	GlobalSection(ExtensibilityGlobals) = postSolution
		SolutionGuid = {BB1A8903-4D2B-4609-A87C-7373D2E6C508}
	EndGlobalSection
EndGlobal
